
Microsoft Visual Studio Solution File, Format Version 12.00
# Visual Studio 15
VisualStudioVersion = 15.0.28307.757
MinimumVisualStudioVersion = 10.0.40219.1
Project("{FAE04EC0-301F-11D3-BF4B-00C04F79EFBC}") = "ToDo-List", "ToDo-List\ToDo-List.csproj", "{3BD26311-91F4-4450-8D36-1C85739F35EE}"
EndProject
Global
	GlobalSection(SolutionConfigurationPlatforms) = preSolution
		Debug|Any CPU = Debug|Any CPU
		Release|Any CPU = Release|Any CPU
	EndGlobalSection
	GlobalSection(ProjectConfigurationPlatforms) = postSolution
		{3BD26311-91F4-4450-8D36-1C85739F35EE}.Debug|Any CPU.ActiveCfg = Debug|Any CPU
		{3BD26311-91F4-4450-8D36-1C85739F35EE}.Debug|Any CPU.Build.0 = Debug|Any CPU
		{3BD26311-91F4-4450-8D36-1C85739F35EE}.Release|Any CPU.ActiveCfg = Release|Any CPU
		{3BD26311-91F4-4450-8D36-1C85739F35EE}.Release|Any CPU.Build.0 = Release|Any CPU
	EndGlobalSection
	GlobalSection(SolutionProperties) = preSolution
		HideSolutionNode = FALSE
	EndGlobalSection
	GlobalSection(ExtensibilityGlobals) = postSolution
		SolutionGuid = {23444522-2762-4CF8-8836-8E6C4CC0A31B}
	EndGlobalSection
EndGlobal
